// !$*UTF8*$!
{
	archiveVersion = 1;
	classes = {
	};
	objectVersion = 50;
	objects = {

/* Begin PBXBuildFile section */
		F813274B21D90DA7007DBF07 /* AppDelegate.swift in Sources */ = {isa = PBXBuildFile; fileRef = F813274A21D90DA7007DBF07 /* AppDelegate.swift */; };
		F813274D21D90DA7007DBF07 /* ViewController.swift in Sources */ = {isa = PBXBuildFile; fileRef = F813274C21D90DA7007DBF07 /* ViewController.swift */; };
		F813275021D90DA7007DBF07 /* Main.storyboard in Resources */ = {isa = PBXBuildFile; fileRef = F813274E21D90DA7007DBF07 /* Main.storyboard */; };
		F813275321D90DA7007DBF07 /* Encreez_App.xcdatamodeld in Sources */ = {isa = PBXBuildFile; fileRef = F813275121D90DA7007DBF07 /* Encreez_App.xcdatamodeld */; };
		F813275521D90DA9007DBF07 /* Assets.xcassets in Resources */ = {isa = PBXBuildFile; fileRef = F813275421D90DA9007DBF07 /* Assets.xcassets */; };
		F813275821D90DA9007DBF07 /* LaunchScreen.storyboard in Resources */ = {isa = PBXBuildFile; fileRef = F813275621D90DA9007DBF07 /* LaunchScreen.storyboard */; };
/* End PBXBuildFile section */

/* Begin PBXFileReference section */
		F813274721D90DA7007DBF07 /* Encreez App.app */ = {isa = PBXFileReference; explicitFileType = wrapper.application; includeInIndex = 0; path = "Encreez App.app"; sourceTree = BUILT_PRODUCTS_DIR; };
		F813274A21D90DA7007DBF07 /* AppDelegate.swift */ = {isa = PBXFileReference; lastKnownFileType = sourcecode.swift; path = AppDelegate.swift; sourceTree = "<group>"; };
		F813274C21D90DA7007DBF07 /* ViewController.swift */ = {isa = PBXFileReference; lastKnownFileType = sourcecode.swift; path = ViewController.swift; sourceTree = "<group>"; };
		F813274F21D90DA7007DBF07 /* Base */ = {isa = PBXFileReference; lastKnownFileType = file.storyboard; name = Base; path = Base.lproj/Main.storyboard; sourceTree = "<group>"; };
		F813275221D90DA7007DBF07 /* Encreez_App.xcdatamodel */ = {isa = PBXFileReference; lastKnownFileType = wrapper.xcdatamodel; path = Encreez_App.xcdatamodel; sourceTree = "<group>"; };
		F813275421D90DA9007DBF07 /* Assets.xcassets */ = {isa = PBXFileReference; lastKnownFileType = folder.assetcatalog; path = Assets.xcassets; sourceTree = "<group>"; };
		F813275721D90DA9007DBF07 /* Base */ = {isa = PBXFileReference; lastKnownFileType = file.storyboard; name = Base; path = Base.lproj/LaunchScreen.storyboard; sourceTree = "<group>"; };
		F813275921D90DA9007DBF07 /* Info.plist */ = {isa = PBXFileReference; lastKnownFileType = text.plist.xml; path = Info.plist; sourceTree = "<group>"; };
/* End PBXFileReference section */

/* Begin PBXFrameworksBuildPhase section */
		F813274421D90DA7007DBF07 /* Frameworks */ = {
			isa = PBXFrameworksBuildPhase;
			buildActionMask = 2147483647;
			files = (
			);
			runOnlyForDeploymentPostprocessing = 0;
		};
/* End PBXFrameworksBuildPhase section */

/* Begin PBXGroup section */
		F813273E21D90DA7007DBF07 = {
			isa = PBXGroup;
			children = (
				F813274921D90DA7007DBF07 /* Encreez App */,
				F813274821D90DA7007DBF07 /* Products */,
			);
			sourceTree = "<group>";
		};
		F813274821D90DA7007DBF07 /* Products */ = {
			isa = PBXGroup;
			children = (
				F813274721D90DA7007DBF07 /* Encreez App.app */,
			);
			name = Products;
			sourceTree = "<group>";
		};
		F813274921D90DA7007DBF07 /* Encreez App */ = {
			isa = PBXGroup;
			children = (
				F813274A21D90DA7007DBF07 /* AppDelegate.swift */,
				F813274C21D90DA7007DBF07 /* ViewController.swift */,
				F813274E21D90DA7007DBF07 /* Main.storyboard */,
				F813275421D90DA9007DBF07 /* Assets.xcassets */,
				F813275621D90DA9007DBF07 /* LaunchScreen.storyboard */,
				F813275921D90DA9007DBF07 /* Info.plist */,
				F813275121D90DA7007DBF07 /* Encreez_App.xcdatamodeld */,
			);
			path = "Encreez App";
			sourceTree = "<group>";
		};
/* End PBXGroup section */

/* Begin PBXNativeTarget section */
		F813274621D90DA7007DBF07 /* Encreez App */ = {
			isa = PBXNativeTarget;
			buildConfigurationList = F813275C21D90DA9007DBF07 /* Build configuration list for PBXNativeTarget "Encreez App" */;
			buildPhases = (
				F813274321D90DA7007DBF07 /* Sources */,
				F813274421D90DA7007DBF07 /* Frameworks */,
				F813274521D90DA7007DBF07 /* Resources */,
			);
			buildRules = (
			);
			dependencies = (
			);
			name = "Encreez App";
			productName = "Encreez App";
			productReference = F813274721D90DA7007DBF07 /* Encreez App.app */;
			productType = "com.apple.product-type.application";
		};
/* End PBXNativeTarget section */

/* Begin PBXProject section */
		F813273F21D90DA7007DBF07 /* Project object */ = {
			isa = PBXProject;
			attributes = {
				LastSwiftUpdateCheck = 0940;
				LastUpgradeCheck = 0940;
				ORGANIZATIONNAME = "Razy Tech";
				TargetAttributes = {
					F813274621D90DA7007DBF07 = {
						CreatedOnToolsVersion = 9.4;
					};
				};
			};
			buildConfigurationList = F813274221D90DA7007DBF07 /* Build configuration list for PBXProject "Encreez App" */;
			compatibilityVersion = "Xcode 9.3";
			developmentRegion = en;
			hasScannedForEncodings = 0;
			knownRegions = (
				en,
				Base,
			);
			mainGroup = F813273E21D90DA7007DBF07;
			productRefGroup = F813274821D90DA7007DBF07 /* Products */;
			projectDirPath = "";
			projectRoot = "";
			targets = (
				F813274621D90DA7007DBF07 /* Encreez App */,
			);
		};
/* End PBXProject section */

/* Begin PBXResourcesBuildPhase section */
		F813274521D90DA7007DBF07 /* Resources */ = {
			isa = PBXResourcesBuildPhase;
			buildActionMask = 2147483647;
			files = (
				F813275821D90DA9007DBF07 /* LaunchScreen.storyboard in Resources */,
				F813275521D90DA9007DBF07 /* Assets.xcassets in Resources */,
				F813275021D90DA7007DBF07 /* Main.storyboard in Resources */,
			);
			runOnlyForDeploymentPostprocessing = 0;
		};
/* End PBXResourcesBuildPhase section */

/* Begin PBXSourcesBuildPhase section */
		F813274321D90DA7007DBF07 /* Sources */ = {
			isa = PBXSourcesBuildPhase;
			buildActionMask = 2147483647;
			files = (
				F813274D21D90DA7007DBF07 /* ViewController.swift in Sources */,
				F813274B21D90DA7007DBF07 /* AppDelegate.swift in Sources */,
				F813275321D90DA7007DBF07 /* Encreez_App.xcdatamodeld in Sources */,
			);
			runOnlyForDeploymentPostprocessing = 0;
		};
/* End PBXSourcesBuildPhase section */

/* Begin PBXVariantGroup section */
		F813274E21D90DA7007DBF07 /* Main.storyboard */ = {
			isa = PBXVariantGroup;
			children = (
				F813274F21D90DA7007DBF07 /* Base */,
			);
			name = Main.storyboard;
			sourceTree = "<group>";
		};
		F813275621D90DA9007DBF07 /* LaunchScreen.storyboard */ = {
			isa = PBXVariantGroup;
			children = (
				F813275721D90DA9007DBF07 /* Base */,
			);
			name = LaunchScreen.storyboard;
			sourceTree = "<group>";
		};
/* End PBXVariantGroup section */

/* Begin XCBuildConfiguration section */
		F813275A21D90DA9007DBF07 /* Debug */ = {
			isa = XCBuildConfiguration;
			buildSettings = {
				ALWAYS_SEARCH_USER_PATHS = NO;
				CLANG_ANALYZER_NONNULL = YES;
				CLANG_ANALYZER_NUMBER_OBJECT_CONVERSION = YES_AGGRESSIVE;
				CLANG_CXX_LANGUAGE_STANDARD = "gnu++14";
				CLANG_CXX_LIBRARY = "libc++";
				CLANG_ENABLE_MODULES = YES;
				CLANG_ENABLE_OBJC_ARC = YES;
				CLANG_ENABLE_OBJC_WEAK = YES;
				CLANG_WARN_BLOCK_CAPTURE_AUTORELEASING = YES;
				CLANG_WARN_BOOL_CONVERSION = YES;
				CLANG_WARN_COMMA = YES;
				CLANG_WARN_CONSTANT_CONVERSION = YES;
				CLANG_WARN_DEPRECATED_OBJC_IMPLEMENTATIONS = YES;
				CLANG_WARN_DIRECT_OBJC_ISA_USAGE = YES_ERROR;
				CLANG_WARN_DOCUMENTATION_COMMENTS = YES;
				CLANG_WARN_EMPTY_BODY = YES;
				CLANG_WARN_ENUM_CONVERSION = YES;
				CLANG_WARN_INFINITE_RECURSION = YES;
				CLANG_WARN_INT_CONVERSION = YES;
				CLANG_WARN_NON_LITERAL_NULL_CONVERSION = YES;
				CLANG_WARN_OBJC_IMPLICIT_RETAIN_SELF = YES;
				CLANG_WARN_OBJC_LITERAL_CONVERSION = YES;
				CLANG_WARN_OBJC_ROOT_CLASS = YES_ERROR;
				CLANG_WARN_RANGE_LOOP_ANALYSIS = YES;
				CLANG_WARN_STRICT_PROTOTYPES = YES;
				CLANG_WARN_SUSPICIOUS_MOVE = YES;
				CLANG_WARN_UNGUARDED_AVAILABILITY = YES_AGGRESSIVE;
				CLANG_WARN_UNREACHABLE_CODE = YES;
				CLANG_WARN__DUPLICATE_METHOD_MATCH = YES;
				CODE_SIGN_IDENTITY = "iPhone Developer";
				COPY_PHASE_STRIP = NO;
				DEBUG_INFORMATION_FORMAT = dwarf;
				ENABLE_STRICT_OBJC_MSGSEND = YES;
				ENABLE_TESTABILITY = YES;
				GCC_C_LANGUAGE_STANDARD = gnu11;
				GCC_DYNAMIC_NO_PIC = NO;
				GCC_NO_COMMON_BLOCKS = YES;
				GCC_OPTIMIZATION_LEVEL = 0;
				GCC_PREPROCESSOR_DEFINITIONS = (
					"DEBUG=1",
					"$(inherited)",
				);
				GCC_WARN_64_TO_32_BIT_CONVERSION = YES;
				GCC_WARN_ABOUT_RETURN_TYPE = YES_ERROR;
				GCC_WARN_UNDECLARED_SELECTOR = YES;
				GCC_WARN_UNINITIALIZED_AUTOS = YES_AGGRESSIVE;
				GCC_WARN_UNUSED_FUNCTION = YES;
				GCC_WARN_UNUSED_VARIABLE = YES;
				IPHONEOS_DEPLOYMENT_TARGET = 11.4;
				MTL_ENABLE_DEBUG_INFO = YES;
				ONLY_ACTIVE_ARCH = YES;
				SDKROOT = iphoneos;
				SWIFT_ACTIVE_COMPILATION_CONDITIONS = DEBUG;
				SWIFT_OPTIMIZATION_LEVEL = "-Onone";
			};
			name = Debug;
		};
		F813275B21D90DA9007DBF07 /* Release */ = {
			isa = XCBuildConfiguration;
			buildSettings = {
				ALWAYS_SEARCH_USER_PATHS = NO;
				CLANG_ANALYZER_NONNULL = YES;
				CLANG_ANALYZER_NUMBER_OBJECT_CONVERSION = YES_AGGRESSIVE;
				CLANG_CXX_LANGUAGE_STANDARD = "gnu++14";
				CLANG_CXX_LIBRARY = "libc++";
				CLANG_ENABLE_MODULES = YES;
				CLANG_ENABLE_OBJC_ARC = YES;
				CLANG_ENABLE_OBJC_WEAK = YES;
				CLANG_WARN_BLOCK_CAPTURE_AUTORELEASING = YES;
				CLANG_WARN_BOOL_CONVERSION = YES;
				CLANG_WARN_COMMA = YES;
				CLANG_WARN_CONSTANT_CONVERSION = YES;
				CLANG_WARN_DEPRECATED_OBJC_IMPLEMENTATIONS = YES;
				CLANG_WARN_DIRECT_OBJC_ISA_USAGE = YES_ERROR;
				CLANG_WARN_DOCUMENTATION_COMMENTS = YES;
				CLANG_WARN_EMPTY_BODY = YES;
				CLANG_WARN_ENUM_CONVERSION = YES;
				CLANG_WARN_INFINITE_RECURSION = YES;
				CLANG_WARN_INT_CONVERSION = YES;
				CLANG_WARN_NON_LITERAL_NULL_CONVERSION = YES;
				CLANG_WARN_OBJC_IMPLICIT_RETAIN_SELF = YES;
				CLANG_WARN_OBJC_LITERAL_CONVERSION = YES;
				CLANG_WARN_OBJC_ROOT_CLASS = YES_ERROR;
				CLANG_WARN_RANGE_LOOP_ANALYSIS = YES;
				CLANG_WARN_STRICT_PROTOTYPES = YES;
				CLANG_WARN_SUSPICIOUS_MOVE = YES;
				CLANG_WARN_UNGUARDED_AVAILABILITY = YES_AGGRESSIVE;
				CLANG_WARN_UNREACHABLE_CODE = YES;
				CLANG_WARN__DUPLICATE_METHOD_MATCH = YES;
				CODE_SIGN_IDENTITY = "iPhone Developer";
				COPY_PHASE_STRIP = NO;
				DEBUG_INFORMATION_FORMAT = "dwarf-with-dsym";
				ENABLE_NS_ASSERTIONS = NO;
				ENABLE_STRICT_OBJC_MSGSEND = YES;
				GCC_C_LANGUAGE_STANDARD = gnu11;
				GCC_NO_COMMON_BLOCKS = YES;
				GCC_WARN_64_TO_32_BIT_CONVERSION = YES;
				GCC_WARN_ABOUT_RETURN_TYPE = YES_ERROR;
				GCC_WARN_UNDECLARED_SELECTOR = YES;
				GCC_WARN_UNINITIALIZED_AUTOS = YES_AGGRESSIVE;
				GCC_WARN_UNUSED_FUNCTION = YES;
				GCC_WARN_UNUSED_VARIABLE = YES;
				IPHONEOS_DEPLOYMENT_TARGET = 11.4;
				MTL_ENABLE_DEBUG_INFO = NO;
				SDKROOT = iphoneos;
				SWIFT_COMPILATION_MODE = wholemodule;
				SWIFT_OPTIMIZATION_LEVEL = "-O";
				VALIDATE_PRODUCT = YES;
			};
			name = Release;
		};
		F813275D21D90DA9007DBF07 /* Debug */ = {
			isa = XCBuildConfiguration;
			buildSettings = {
				ASSETCATALOG_COMPILER_APPICON_NAME = AppIcon;
				CODE_SIGN_STYLE = Automatic;
				DEVELOPMENT_TEAM = 5N6982ZMG8;
				INFOPLIST_FILE = "Encreez App/Info.plist";
				LD_RUNPATH_SEARCH_PATHS = (
					"$(inherited)",
					"@executable_path/Frameworks",
				);
				PRODUCT_BUNDLE_IDENTIFIER = "com.razytech.Encreez-App";
				PRODUCT_NAME = "$(TARGET_NAME)";
				SWIFT_VERSION = 4.0;
				TARGETED_DEVICE_FAMILY = "1,2";
			};
			name = Debug;
		};
		F813275E21D90DA9007DBF07 /* Release */ = {
			isa = XCBuildConfiguration;
			buildSettings = {
				ASSETCATALOG_COMPILER_APPICON_NAME = AppIcon;
				CODE_SIGN_STYLE = Automatic;
				DEVELOPMENT_TEAM = 5N6982ZMG8;
				INFOPLIST_FILE = "Encreez App/Info.plist";
				LD_RUNPATH_SEARCH_PATHS = (
					"$(inherited)",
					"@executable_path/Frameworks",
				);
				PRODUCT_BUNDLE_IDENTIFIER = "com.razytech.Encreez-App";
				PRODUCT_NAME = "$(TARGET_NAME)";
				SWIFT_VERSION = 4.0;
				TARGETED_DEVICE_FAMILY = "1,2";
			};
			name = Release;
		};
/* End XCBuildConfiguration section */

/* Begin XCConfigurationList section */
		F813274221D90DA7007DBF07 /* Build configuration list for PBXProject "Encreez App" */ = {
			isa = XCConfigurationList;
			buildConfigurations = (
				F813275A21D90DA9007DBF07 /* Debug */,
				F813275B21D90DA9007DBF07 /* Release */,
			);
			defaultConfigurationIsVisible = 0;
			defaultConfigurationName = Release;
		};
		F813275C21D90DA9007DBF07 /* Build configuration list for PBXNativeTarget "Encreez App" */ = {
			isa = XCConfigurationList;
			buildConfigurations = (
				F813275D21D90DA9007DBF07 /* Debug */,
				F813275E21D90DA9007DBF07 /* Release */,
			);
			defaultConfigurationIsVisible = 0;
			defaultConfigurationName = Release;
		};
/* End XCConfigurationList section */

/* Begin XCVersionGroup section */
		F813275121D90DA7007DBF07 /* Encreez_App.xcdatamodeld */ = {
			isa = XCVersionGroup;
			children = (
				F813275221D90DA7007DBF07 /* Encreez_App.xcdatamodel */,
			);
			currentVersion = F813275221D90DA7007DBF07 /* Encreez_App.xcdatamodel */;
			path = Encreez_App.xcdatamodeld;
			sourceTree = "<group>";
			versionGroupType = wrapper.xcdatamodel;
		};
/* End XCVersionGroup section */
	};
	rootObject = F813273F21D90DA7007DBF07 /* Project object */;
}
